// !$*UTF8*$!
{
	archiveVersion = 1;
	classes = {
	};
	objectVersion = 48;
	objects = {

/* Begin PBXBuildFile section */
		2B5CDF331F9D00AC00772FE1 /* main.m in Sources */ = {isa = PBXBuildFile; fileRef = 2B5CDF321F9D00AC00772FE1 /* main.m */; };
		2BA50D351F9D716F00906395 /* NSObject+Sort.m in Sources */ = {isa = PBXBuildFile; fileRef = 2BA50D341F9D716F00906395 /* NSObject+Sort.m */; };
		2BE965B21F9E3D8A00EA9F4F /* NSArray+DumpConsole.m in Sources */ = {isa = PBXBuildFile; fileRef = 2BE965B11F9E3D4500EA9F4F /* NSArray+DumpConsole.m */; };
		2BE965B51F9E4A7500EA9F4F /* NSMutableArray+Swap.m in Sources */ = {isa = PBXBuildFile; fileRef = 2BE965B41F9E4A7500EA9F4F /* NSMutableArray+Swap.m */; };
/* End PBXBuildFile section */

/* Begin PBXCopyFilesBuildPhase section */
		2B5CDF2D1F9D00AB00772FE1 /* CopyFiles */ = {
			isa = PBXCopyFilesBuildPhase;
			buildActionMask = 2147483647;
			dstPath = /usr/share/man/man1/;
			dstSubfolderSpec = 0;
			files = (
			);
			runOnlyForDeploymentPostprocessing = 1;
		};
/* End PBXCopyFilesBuildPhase section */

/* Begin PBXFileReference section */
		2B5CDF2F1F9D00AB00772FE1 /* Sort */ = {isa = PBXFileReference; explicitFileType = "compiled.mach-o.executable"; includeInIndex = 0; path = Sort; sourceTree = BUILT_PRODUCTS_DIR; };
		2B5CDF321F9D00AC00772FE1 /* main.m */ = {isa = PBXFileReference; lastKnownFileType = sourcecode.c.objc; path = main.m; sourceTree = "<group>"; };
		2BA50D331F9D716F00906395 /* NSObject+Sort.h */ = {isa = PBXFileReference; lastKnownFileType = sourcecode.c.h; path = "NSObject+Sort.h"; sourceTree = "<group>"; };
		2BA50D341F9D716F00906395 /* NSObject+Sort.m */ = {isa = PBXFileReference; lastKnownFileType = sourcecode.c.objc; path = "NSObject+Sort.m"; sourceTree = "<group>"; };
		2BE965B01F9E3D4500EA9F4F /* NSArray+DumpConsole.h */ = {isa = PBXFileReference; lastKnownFileType = sourcecode.c.h; path = "NSArray+DumpConsole.h"; sourceTree = "<group>"; };
		2BE965B11F9E3D4500EA9F4F /* NSArray+DumpConsole.m */ = {isa = PBXFileReference; lastKnownFileType = sourcecode.c.objc; path = "NSArray+DumpConsole.m"; sourceTree = "<group>"; };
		2BE965B31F9E4A7500EA9F4F /* NSMutableArray+Swap.h */ = {isa = PBXFileReference; lastKnownFileType = sourcecode.c.h; path = "NSMutableArray+Swap.h"; sourceTree = "<group>"; };
		2BE965B41F9E4A7500EA9F4F /* NSMutableArray+Swap.m */ = {isa = PBXFileReference; lastKnownFileType = sourcecode.c.objc; path = "NSMutableArray+Swap.m"; sourceTree = "<group>"; };
/* End PBXFileReference section */

/* Begin PBXFrameworksBuildPhase section */
		2B5CDF2C1F9D00AB00772FE1 /* Frameworks */ = {
			isa = PBXFrameworksBuildPhase;
			buildActionMask = 2147483647;
			files = (
			);
			runOnlyForDeploymentPostprocessing = 0;
		};
/* End PBXFrameworksBuildPhase section */

/* Begin PBXGroup section */
		2B5CDF261F9D00AB00772FE1 = {
			isa = PBXGroup;
			children = (
				2BE965AF1F9E3D4500EA9F4F /* Common */,
				2BA50D321F9D701B00906395 /* Core */,
				2B5CDF311F9D00AB00772FE1 /* Sort */,
				2B5CDF301F9D00AB00772FE1 /* Products */,
			);
			sourceTree = "<group>";
		};
		2B5CDF301F9D00AB00772FE1 /* Products */ = {
			isa = PBXGroup;
			children = (
				2B5CDF2F1F9D00AB00772FE1 /* Sort */,
			);
			name = Products;
			sourceTree = "<group>";
		};
		2B5CDF311F9D00AB00772FE1 /* Sort */ = {
			isa = PBXGroup;
			children = (
				2B5CDF321F9D00AC00772FE1 /* main.m */,
			);
			path = Sort;
			sourceTree = "<group>";
		};
		2BA50D321F9D701B00906395 /* Core */ = {
			isa = PBXGroup;
			children = (
				2BA50D331F9D716F00906395 /* NSObject+Sort.h */,
				2BA50D341F9D716F00906395 /* NSObject+Sort.m */,
				2BE965B31F9E4A7500EA9F4F /* NSMutableArray+Swap.h */,
				2BE965B41F9E4A7500EA9F4F /* NSMutableArray+Swap.m */,
			);
			path = Core;
			sourceTree = "<group>";
		};
		2BE965AF1F9E3D4500EA9F4F /* Common */ = {
			isa = PBXGroup;
			children = (
				2BE965B01F9E3D4500EA9F4F /* NSArray+DumpConsole.h */,
				2BE965B11F9E3D4500EA9F4F /* NSArray+DumpConsole.m */,
			);
			path = Common;
			sourceTree = "<group>";
		};
/* End PBXGroup section */

/* Begin PBXNativeTarget section */
		2B5CDF2E1F9D00AB00772FE1 /* Sort */ = {
			isa = PBXNativeTarget;
			buildConfigurationList = 2B5CDF361F9D00AC00772FE1 /* Build configuration list for PBXNativeTarget "Sort" */;
			buildPhases = (
				2B5CDF2B1F9D00AB00772FE1 /* Sources */,
				2B5CDF2C1F9D00AB00772FE1 /* Frameworks */,
				2B5CDF2D1F9D00AB00772FE1 /* CopyFiles */,
			);
			buildRules = (
			);
			dependencies = (
			);
			name = Sort;
			productName = Sort;
			productReference = 2B5CDF2F1F9D00AB00772FE1 /* Sort */;
			productType = "com.apple.product-type.tool";
		};
/* End PBXNativeTarget section */

/* Begin PBXProject section */
		2B5CDF271F9D00AB00772FE1 /* Project object */ = {
			isa = PBXProject;
			attributes = {
				LastUpgradeCheck = 0900;
				ORGANIZATIONNAME = "Nguyễn Trọng Anh Tuấn";
				TargetAttributes = {
					2B5CDF2E1F9D00AB00772FE1 = {
						CreatedOnToolsVersion = 9.0;
						ProvisioningStyle = Automatic;
					};
				};
			};
			buildConfigurationList = 2B5CDF2A1F9D00AB00772FE1 /* Build configuration list for PBXProject "Sort" */;
			compatibilityVersion = "Xcode 8.0";
			developmentRegion = en;
			hasScannedForEncodings = 0;
			knownRegions = (
				en,
			);
			mainGroup = 2B5CDF261F9D00AB00772FE1;
			productRefGroup = 2B5CDF301F9D00AB00772FE1 /* Products */;
			projectDirPath = "";
			projectRoot = "";
			targets = (
				2B5CDF2E1F9D00AB00772FE1 /* Sort */,
			);
		};
/* End PBXProject section */

/* Begin PBXSourcesBuildPhase section */
		2B5CDF2B1F9D00AB00772FE1 /* Sources */ = {
			isa = PBXSourcesBuildPhase;
			buildActionMask = 2147483647;
			files = (
				2BE965B51F9E4A7500EA9F4F /* NSMutableArray+Swap.m in Sources */,
				2B5CDF331F9D00AC00772FE1 /* main.m in Sources */,
				2BA50D351F9D716F00906395 /* NSObject+Sort.m in Sources */,
				2BE965B21F9E3D8A00EA9F4F /* NSArray+DumpConsole.m in Sources */,
			);
			runOnlyForDeploymentPostprocessing = 0;
		};
/* End PBXSourcesBuildPhase section */

/* Begin XCBuildConfiguration section */
		2B5CDF341F9D00AC00772FE1 /* Debug */ = {
			isa = XCBuildConfiguration;
			buildSettings = {
				ALWAYS_SEARCH_USER_PATHS = NO;
				CLANG_ANALYZER_NONNULL = YES;
				CLANG_ANALYZER_NUMBER_OBJECT_CONVERSION = YES_AGGRESSIVE;
				CLANG_CXX_LANGUAGE_STANDARD = "gnu++14";
				CLANG_CXX_LIBRARY = "libc++";
				CLANG_ENABLE_MODULES = YES;
				CLANG_ENABLE_OBJC_ARC = YES;
				CLANG_WARN_BLOCK_CAPTURE_AUTORELEASING = YES;
				CLANG_WARN_BOOL_CONVERSION = YES;
				CLANG_WARN_COMMA = YES;
				CLANG_WARN_CONSTANT_CONVERSION = YES;
				CLANG_WARN_DIRECT_OBJC_ISA_USAGE = YES_ERROR;
				CLANG_WARN_DOCUMENTATION_COMMENTS = YES;
				CLANG_WARN_EMPTY_BODY = YES;
				CLANG_WARN_ENUM_CONVERSION = YES;
				CLANG_WARN_INFINITE_RECURSION = YES;
				CLANG_WARN_INT_CONVERSION = YES;
				CLANG_WARN_NON_LITERAL_NULL_CONVERSION = YES;
				CLANG_WARN_OBJC_LITERAL_CONVERSION = YES;
				CLANG_WARN_OBJC_ROOT_CLASS = YES_ERROR;
				CLANG_WARN_RANGE_LOOP_ANALYSIS = YES;
				CLANG_WARN_STRICT_PROTOTYPES = YES;
				CLANG_WARN_SUSPICIOUS_MOVE = YES;
				CLANG_WARN_UNGUARDED_AVAILABILITY = YES_AGGRESSIVE;
				CLANG_WARN_UNREACHABLE_CODE = YES;
				CLANG_WARN__DUPLICATE_METHOD_MATCH = YES;
				CODE_SIGN_IDENTITY = "Mac Developer";
				COPY_PHASE_STRIP = NO;
				DEBUG_INFORMATION_FORMAT = dwarf;
				ENABLE_STRICT_OBJC_MSGSEND = YES;
				ENABLE_TESTABILITY = YES;
				GCC_C_LANGUAGE_STANDARD = gnu11;
				GCC_DYNAMIC_NO_PIC = NO;
				GCC_NO_COMMON_BLOCKS = YES;
				GCC_OPTIMIZATION_LEVEL = 0;
				GCC_PREPROCESSOR_DEFINITIONS = (
					"DEBUG=1",
					"$(inherited)",
				);
				GCC_WARN_64_TO_32_BIT_CONVERSION = YES;
				GCC_WARN_ABOUT_RETURN_TYPE = YES_ERROR;
				GCC_WARN_UNDECLARED_SELECTOR = YES;
				GCC_WARN_UNINITIALIZED_AUTOS = YES_AGGRESSIVE;
				GCC_WARN_UNUSED_FUNCTION = YES;
				GCC_WARN_UNUSED_VARIABLE = YES;
				MACOSX_DEPLOYMENT_TARGET = 10.8;
				MTL_ENABLE_DEBUG_INFO = YES;
				ONLY_ACTIVE_ARCH = YES;
				SDKROOT = macosx;
			};
			name = Debug;
		};
		2B5CDF351F9D00AC00772FE1 /* Release */ = {
			isa = XCBuildConfiguration;
			buildSettings = {
				ALWAYS_SEARCH_USER_PATHS = NO;
				CLANG_ANALYZER_NONNULL = YES;
				CLANG_ANALYZER_NUMBER_OBJECT_CONVERSION = YES_AGGRESSIVE;
				CLANG_CXX_LANGUAGE_STANDARD = "gnu++14";
				CLANG_CXX_LIBRARY = "libc++";
				CLANG_ENABLE_MODULES = YES;
				CLANG_ENABLE_OBJC_ARC = YES;
				CLANG_WARN_BLOCK_CAPTURE_AUTORELEASING = YES;
				CLANG_WARN_BOOL_CONVERSION = YES;
				CLANG_WARN_COMMA = YES;
				CLANG_WARN_CONSTANT_CONVERSION = YES;
				CLANG_WARN_DIRECT_OBJC_ISA_USAGE = YES_ERROR;
				CLANG_WARN_DOCUMENTATION_COMMENTS = YES;
				CLANG_WARN_EMPTY_BODY = YES;
				CLANG_WARN_ENUM_CONVERSION = YES;
				CLANG_WARN_INFINITE_RECURSION = YES;
				CLANG_WARN_INT_CONVERSION = YES;
				CLANG_WARN_NON_LITERAL_NULL_CONVERSION = YES;
				CLANG_WARN_OBJC_LITERAL_CONVERSION = YES;
				CLANG_WARN_OBJC_ROOT_CLASS = YES_ERROR;
				CLANG_WARN_RANGE_LOOP_ANALYSIS = YES;
				CLANG_WARN_STRICT_PROTOTYPES = YES;
				CLANG_WARN_SUSPICIOUS_MOVE = YES;
				CLANG_WARN_UNGUARDED_AVAILABILITY = YES_AGGRESSIVE;
				CLANG_WARN_UNREACHABLE_CODE = YES;
				CLANG_WARN__DUPLICATE_METHOD_MATCH = YES;
				CODE_SIGN_IDENTITY = "Mac Developer";
				COPY_PHASE_STRIP = NO;
				DEBUG_INFORMATION_FORMAT = "dwarf-with-dsym";
				ENABLE_NS_ASSERTIONS = NO;
				ENABLE_STRICT_OBJC_MSGSEND = YES;
				GCC_C_LANGUAGE_STANDARD = gnu11;
				GCC_NO_COMMON_BLOCKS = YES;
				GCC_WARN_64_TO_32_BIT_CONVERSION = YES;
				GCC_WARN_ABOUT_RETURN_TYPE = YES_ERROR;
				GCC_WARN_UNDECLARED_SELECTOR = YES;
				GCC_WARN_UNINITIALIZED_AUTOS = YES_AGGRESSIVE;
				GCC_WARN_UNUSED_FUNCTION = YES;
				GCC_WARN_UNUSED_VARIABLE = YES;
				MACOSX_DEPLOYMENT_TARGET = 10.8;
				MTL_ENABLE_DEBUG_INFO = NO;
				SDKROOT = macosx;
			};
			name = Release;
		};
		2B5CDF371F9D00AC00772FE1 /* Debug */ = {
			isa = XCBuildConfiguration;
			buildSettings = {
				CODE_SIGN_STYLE = Automatic;
				DEVELOPMENT_TEAM = 2TS57QM5ZC;
				PRODUCT_NAME = "$(TARGET_NAME)";
			};
			name = Debug;
		};
		2B5CDF381F9D00AC00772FE1 /* Release */ = {
			isa = XCBuildConfiguration;
			buildSettings = {
				CODE_SIGN_STYLE = Automatic;
				DEVELOPMENT_TEAM = 2TS57QM5ZC;
				PRODUCT_NAME = "$(TARGET_NAME)";
			};
			name = Release;
		};
/* End XCBuildConfiguration section */

/* Begin XCConfigurationList section */
		2B5CDF2A1F9D00AB00772FE1 /* Build configuration list for PBXProject "Sort" */ = {
			isa = XCConfigurationList;
			buildConfigurations = (
				2B5CDF341F9D00AC00772FE1 /* Debug */,
				2B5CDF351F9D00AC00772FE1 /* Release */,
			);
			defaultConfigurationIsVisible = 0;
			defaultConfigurationName = Release;
		};
		2B5CDF361F9D00AC00772FE1 /* Build configuration list for PBXNativeTarget "Sort" */ = {
			isa = XCConfigurationList;
			buildConfigurations = (
				2B5CDF371F9D00AC00772FE1 /* Debug */,
				2B5CDF381F9D00AC00772FE1 /* Release */,
			);
			defaultConfigurationIsVisible = 0;
			defaultConfigurationName = Release;
		};
/* End XCConfigurationList section */
	};
	rootObject = 2B5CDF271F9D00AB00772FE1 /* Project object */;
}
